// !$*UTF8*$!
{
	archiveVersion = 1;
	classes = {
	};
	objectVersion = 52;
	objects = {

/* Begin PBXBuildFile section */
		4823538D25821F1100A1821C /* Cell.swift in Sources */ = {isa = PBXBuildFile; fileRef = 4823538C25821F1100A1821C /* Cell.swift */; };
		4823538E25821F1100A1821C /* UIKit+extensions.swift in Sources */ = {isa = PBXBuildFile; fileRef = 4823538B25821F1100A1821C /* UIKit+extensions.swift */; };
		48838E892582191400F40048 /* AppDelegate.swift in Sources */ = {isa = PBXBuildFile; fileRef = 48838E882582191400F40048 /* AppDelegate.swift */; };
		48838E8B2582191400F40048 /* SceneDelegate.swift in Sources */ = {isa = PBXBuildFile; fileRef = 48838E8A2582191400F40048 /* SceneDelegate.swift */; };
		48838E8D2582191400F40048 /* ViewController.swift in Sources */ = {isa = PBXBuildFile; fileRef = 48838E8C2582191400F40048 /* ViewController.swift */; };
		48838E902582191400F40048 /* Main.storyboard in Resources */ = {isa = PBXBuildFile; fileRef = 48838E8E2582191400F40048 /* Main.storyboard */; };
		48838E922582191400F40048 /* Assets.xcassets in Resources */ = {isa = PBXBuildFile; fileRef = 48838E912582191400F40048 /* Assets.xcassets */; };
		48838E952582191400F40048 /* LaunchScreen.storyboard in Resources */ = {isa = PBXBuildFile; fileRef = 48838E932582191400F40048 /* LaunchScreen.storyboard */; };
		4884A85125821F4E00D374A2 /* SwiftyEigen in Frameworks */ = {isa = PBXBuildFile; productRef = 4884A85025821F4E00D374A2 /* SwiftyEigen */; };
/* End PBXBuildFile section */

/* Begin PBXCopyFilesBuildPhase section */
		4899650025821D57000D2828 /* Embed Frameworks */ = {
			isa = PBXCopyFilesBuildPhase;
			buildActionMask = 2147483647;
			dstPath = "";
			dstSubfolderSpec = 10;
			files = (
			);
			name = "Embed Frameworks";
			runOnlyForDeploymentPostprocessing = 0;
		};
/* End PBXCopyFilesBuildPhase section */

/* Begin PBXFileReference section */
		4823538625821DDE00A1821C /* SwiftyEigen */ = {isa = PBXFileReference; lastKnownFileType = folder; name = SwiftyEigen; path = ..; sourceTree = "<group>"; };
		4823538B25821F1100A1821C /* UIKit+extensions.swift */ = {isa = PBXFileReference; lastKnownFileType = sourcecode.swift; name = "UIKit+extensions.swift"; path = "/Users/ks/Documents/Workdir/SwiftyEigen-SwiftPM/SwiftyEigen/Example/Example/UIKit+extensions.swift"; sourceTree = "<absolute>"; };
		4823538C25821F1100A1821C /* Cell.swift */ = {isa = PBXFileReference; lastKnownFileType = sourcecode.swift; name = Cell.swift; path = "/Users/ks/Documents/Workdir/SwiftyEigen-SwiftPM/SwiftyEigen/Example/Example/Cell.swift"; sourceTree = "<absolute>"; };
		48838E852582191400F40048 /* Example.app */ = {isa = PBXFileReference; explicitFileType = wrapper.application; includeInIndex = 0; path = Example.app; sourceTree = BUILT_PRODUCTS_DIR; };
		48838E882582191400F40048 /* AppDelegate.swift */ = {isa = PBXFileReference; lastKnownFileType = sourcecode.swift; path = AppDelegate.swift; sourceTree = "<group>"; };
		48838E8A2582191400F40048 /* SceneDelegate.swift */ = {isa = PBXFileReference; lastKnownFileType = sourcecode.swift; path = SceneDelegate.swift; sourceTree = "<group>"; };
		48838E8C2582191400F40048 /* ViewController.swift */ = {isa = PBXFileReference; lastKnownFileType = sourcecode.swift; path = ViewController.swift; sourceTree = "<group>"; };
		48838E8F2582191400F40048 /* Base */ = {isa = PBXFileReference; lastKnownFileType = file.storyboard; name = Base; path = Base.lproj/Main.storyboard; sourceTree = "<group>"; };
		48838E912582191400F40048 /* Assets.xcassets */ = {isa = PBXFileReference; lastKnownFileType = folder.assetcatalog; path = Assets.xcassets; sourceTree = "<group>"; };
		48838E942582191400F40048 /* Base */ = {isa = PBXFileReference; lastKnownFileType = file.storyboard; name = Base; path = Base.lproj/LaunchScreen.storyboard; sourceTree = "<group>"; };
		48838E962582191400F40048 /* Info.plist */ = {isa = PBXFileReference; lastKnownFileType = text.plist.xml; path = Info.plist; sourceTree = "<group>"; };
		4884A852258221B800D374A2 /* Example.playground */ = {isa = PBXFileReference; lastKnownFileType = file.playground; path = Example.playground; sourceTree = "<group>"; xcLanguageSpecificationIdentifier = xcode.lang.swift; };
/* End PBXFileReference section */

/* Begin PBXFrameworksBuildPhase section */
		48838E822582191400F40048 /* Frameworks */ = {
			isa = PBXFrameworksBuildPhase;
			buildActionMask = 2147483647;
			files = (
				4884A85125821F4E00D374A2 /* SwiftyEigen in Frameworks */,
			);
			runOnlyForDeploymentPostprocessing = 0;
		};
/* End PBXFrameworksBuildPhase section */

/* Begin PBXGroup section */
		4823538725821E7000A1821C /* Frameworks */ = {
			isa = PBXGroup;
			children = (
			);
			name = Frameworks;
			sourceTree = "<group>";
		};
		48838E7C2582191300F40048 = {
			isa = PBXGroup;
			children = (
				4884A852258221B800D374A2 /* Example.playground */,
				48838E872582191400F40048 /* Example */,
				4823538625821DDE00A1821C /* SwiftyEigen */,
				48838E862582191400F40048 /* Products */,
				4823538725821E7000A1821C /* Frameworks */,
			);
			sourceTree = "<group>";
		};
		48838E862582191400F40048 /* Products */ = {
			isa = PBXGroup;
			children = (
				48838E852582191400F40048 /* Example.app */,
			);
			name = Products;
			sourceTree = "<group>";
		};
		48838E872582191400F40048 /* Example */ = {
			isa = PBXGroup;
			children = (
				48838E882582191400F40048 /* AppDelegate.swift */,
				48838E8A2582191400F40048 /* SceneDelegate.swift */,
				48838E8C2582191400F40048 /* ViewController.swift */,
				4823538C25821F1100A1821C /* Cell.swift */,
				4823538B25821F1100A1821C /* UIKit+extensions.swift */,
				48838E8E2582191400F40048 /* Main.storyboard */,
				48838E912582191400F40048 /* Assets.xcassets */,
				48838E932582191400F40048 /* LaunchScreen.storyboard */,
				48838E962582191400F40048 /* Info.plist */,
			);
			path = Example;
			sourceTree = "<group>";
		};
/* End PBXGroup section */

/* Begin PBXNativeTarget section */
		48838E842582191400F40048 /* Example */ = {
			isa = PBXNativeTarget;
			buildConfigurationList = 48838E992582191400F40048 /* Build configuration list for PBXNativeTarget "Example" */;
			buildPhases = (
				48838E812582191400F40048 /* Sources */,
				48838E822582191400F40048 /* Frameworks */,
				48838E832582191400F40048 /* Resources */,
				4899650025821D57000D2828 /* Embed Frameworks */,
			);
			buildRules = (
			);
			dependencies = (
			);
			name = Example;
			packageProductDependencies = (
				4884A85025821F4E00D374A2 /* SwiftyEigen */,
			);
			productName = Example;
			productReference = 48838E852582191400F40048 /* Example.app */;
			productType = "com.apple.product-type.application";
		};
/* End PBXNativeTarget section */

/* Begin PBXProject section */
		48838E7D2582191300F40048 /* Project object */ = {
			isa = PBXProject;
			attributes = {
				LastSwiftUpdateCheck = 1220;
				LastUpgradeCheck = 1220;
				TargetAttributes = {
					48838E842582191400F40048 = {
						CreatedOnToolsVersion = 12.2;
					};
				};
			};
			buildConfigurationList = 48838E802582191300F40048 /* Build configuration list for PBXProject "Example" */;
			compatibilityVersion = "Xcode 9.3";
			developmentRegion = en;
			hasScannedForEncodings = 0;
			knownRegions = (
				en,
				Base,
			);
			mainGroup = 48838E7C2582191300F40048;
			packageReferences = (
			);
			productRefGroup = 48838E862582191400F40048 /* Products */;
			projectDirPath = "";
			projectRoot = "";
			targets = (
				48838E842582191400F40048 /* Example */,
			);
		};
/* End PBXProject section */

/* Begin PBXResourcesBuildPhase section */
		48838E832582191400F40048 /* Resources */ = {
			isa = PBXResourcesBuildPhase;
			buildActionMask = 2147483647;
			files = (
				48838E952582191400F40048 /* LaunchScreen.storyboard in Resources */,
				48838E922582191400F40048 /* Assets.xcassets in Resources */,
				48838E902582191400F40048 /* Main.storyboard in Resources */,
			);
			runOnlyForDeploymentPostprocessing = 0;
		};
/* End PBXResourcesBuildPhase section */

/* Begin PBXSourcesBuildPhase section */
		48838E812582191400F40048 /* Sources */ = {
			isa = PBXSourcesBuildPhase;
			buildActionMask = 2147483647;
			files = (
				4823538E25821F1100A1821C /* UIKit+extensions.swift in Sources */,
				48838E8D2582191400F40048 /* ViewController.swift in Sources */,
				4823538D25821F1100A1821C /* Cell.swift in Sources */,
				48838E892582191400F40048 /* AppDelegate.swift in Sources */,
				48838E8B2582191400F40048 /* SceneDelegate.swift in Sources */,
			);
			runOnlyForDeploymentPostprocessing = 0;
		};
/* End PBXSourcesBuildPhase section */

/* Begin PBXVariantGroup section */
		48838E8E2582191400F40048 /* Main.storyboard */ = {
			isa = PBXVariantGroup;
			children = (
				48838E8F2582191400F40048 /* Base */,
			);
			name = Main.storyboard;
			sourceTree = "<group>";
		};
		48838E932582191400F40048 /* LaunchScreen.storyboard */ = {
			isa = PBXVariantGroup;
			children = (
				48838E942582191400F40048 /* Base */,
			);
			name = LaunchScreen.storyboard;
			sourceTree = "<group>";
		};
/* End PBXVariantGroup section */

/* Begin XCBuildConfiguration section */
		48838E972582191400F40048 /* Debug */ = {
			isa = XCBuildConfiguration;
			buildSettings = {
				ALWAYS_SEARCH_USER_PATHS = NO;
				CLANG_ANALYZER_NONNULL = YES;
				CLANG_ANALYZER_NUMBER_OBJECT_CONVERSION = YES_AGGRESSIVE;
				CLANG_CXX_LANGUAGE_STANDARD = "gnu++14";
				CLANG_CXX_LIBRARY = "libc++";
				CLANG_ENABLE_MODULES = YES;
				CLANG_ENABLE_OBJC_ARC = YES;
				CLANG_ENABLE_OBJC_WEAK = YES;
				CLANG_WARN_BLOCK_CAPTURE_AUTORELEASING = YES;
				CLANG_WARN_BOOL_CONVERSION = YES;
				CLANG_WARN_COMMA = YES;
				CLANG_WARN_CONSTANT_CONVERSION = YES;
				CLANG_WARN_DEPRECATED_OBJC_IMPLEMENTATIONS = YES;
				CLANG_WARN_DIRECT_OBJC_ISA_USAGE = YES_ERROR;
				CLANG_WARN_DOCUMENTATION_COMMENTS = YES;
				CLANG_WARN_EMPTY_BODY = YES;
				CLANG_WARN_ENUM_CONVERSION = YES;
				CLANG_WARN_INFINITE_RECURSION = YES;
				CLANG_WARN_INT_CONVERSION = YES;
				CLANG_WARN_NON_LITERAL_NULL_CONVERSION = YES;
				CLANG_WARN_OBJC_IMPLICIT_RETAIN_SELF = YES;
				CLANG_WARN_OBJC_LITERAL_CONVERSION = YES;
				CLANG_WARN_OBJC_ROOT_CLASS = YES_ERROR;
				CLANG_WARN_QUOTED_INCLUDE_IN_FRAMEWORK_HEADER = YES;
				CLANG_WARN_RANGE_LOOP_ANALYSIS = YES;
				CLANG_WARN_STRICT_PROTOTYPES = YES;
				CLANG_WARN_SUSPICIOUS_MOVE = YES;
				CLANG_WARN_UNGUARDED_AVAILABILITY = YES_AGGRESSIVE;
				CLANG_WARN_UNREACHABLE_CODE = YES;
				CLANG_WARN__DUPLICATE_METHOD_MATCH = YES;
				COPY_PHASE_STRIP = NO;
				DEBUG_INFORMATION_FORMAT = dwarf;
				ENABLE_STRICT_OBJC_MSGSEND = YES;
				ENABLE_TESTABILITY = YES;
				GCC_C_LANGUAGE_STANDARD = gnu11;
				GCC_DYNAMIC_NO_PIC = NO;
				GCC_NO_COMMON_BLOCKS = YES;
				GCC_OPTIMIZATION_LEVEL = 0;
				GCC_PREPROCESSOR_DEFINITIONS = (
					"DEBUG=1",
					"$(inherited)",
				);
				GCC_WARN_64_TO_32_BIT_CONVERSION = YES;
				GCC_WARN_ABOUT_RETURN_TYPE = YES_ERROR;
				GCC_WARN_UNDECLARED_SELECTOR = YES;
				GCC_WARN_UNINITIALIZED_AUTOS = YES_AGGRESSIVE;
				GCC_WARN_UNUSED_FUNCTION = YES;
				GCC_WARN_UNUSED_VARIABLE = YES;
				IPHONEOS_DEPLOYMENT_TARGET = 14.2;
				MTL_ENABLE_DEBUG_INFO = INCLUDE_SOURCE;
				MTL_FAST_MATH = YES;
				ONLY_ACTIVE_ARCH = YES;
				SDKROOT = iphoneos;
				SWIFT_ACTIVE_COMPILATION_CONDITIONS = DEBUG;
				SWIFT_OPTIMIZATION_LEVEL = "-Onone";
			};
			name = Debug;
		};
		48838E982582191400F40048 /* Release */ = {
			isa = XCBuildConfiguration;
			buildSettings = {
				ALWAYS_SEARCH_USER_PATHS = NO;
				CLANG_ANALYZER_NONNULL = YES;
				CLANG_ANALYZER_NUMBER_OBJECT_CONVERSION = YES_AGGRESSIVE;
				CLANG_CXX_LANGUAGE_STANDARD = "gnu++14";
				CLANG_CXX_LIBRARY = "libc++";
				CLANG_ENABLE_MODULES = YES;
				CLANG_ENABLE_OBJC_ARC = YES;
				CLANG_ENABLE_OBJC_WEAK = YES;
				CLANG_WARN_BLOCK_CAPTURE_AUTORELEASING = YES;
				CLANG_WARN_BOOL_CONVERSION = YES;
				CLANG_WARN_COMMA = YES;
				CLANG_WARN_CONSTANT_CONVERSION = YES;
				CLANG_WARN_DEPRECATED_OBJC_IMPLEMENTATIONS = YES;
				CLANG_WARN_DIRECT_OBJC_ISA_USAGE = YES_ERROR;
				CLANG_WARN_DOCUMENTATION_COMMENTS = YES;
				CLANG_WARN_EMPTY_BODY = YES;
				CLANG_WARN_ENUM_CONVERSION = YES;
				CLANG_WARN_INFINITE_RECURSION = YES;
				CLANG_WARN_INT_CONVERSION = YES;
				CLANG_WARN_NON_LITERAL_NULL_CONVERSION = YES;
				CLANG_WARN_OBJC_IMPLICIT_RETAIN_SELF = YES;
				CLANG_WARN_OBJC_LITERAL_CONVERSION = YES;
				CLANG_WARN_OBJC_ROOT_CLASS = YES_ERROR;
				CLANG_WARN_QUOTED_INCLUDE_IN_FRAMEWORK_HEADER = YES;
				CLANG_WARN_RANGE_LOOP_ANALYSIS = YES;
				CLANG_WARN_STRICT_PROTOTYPES = YES;
				CLANG_WARN_SUSPICIOUS_MOVE = YES;
				CLANG_WARN_UNGUARDED_AVAILABILITY = YES_AGGRESSIVE;
				CLANG_WARN_UNREACHABLE_CODE = YES;
				CLANG_WARN__DUPLICATE_METHOD_MATCH = YES;
				COPY_PHASE_STRIP = NO;
				DEBUG_INFORMATION_FORMAT = "dwarf-with-dsym";
				ENABLE_NS_ASSERTIONS = NO;
				ENABLE_STRICT_OBJC_MSGSEND = YES;
				GCC_C_LANGUAGE_STANDARD = gnu11;
				GCC_NO_COMMON_BLOCKS = YES;
				GCC_WARN_64_TO_32_BIT_CONVERSION = YES;
				GCC_WARN_ABOUT_RETURN_TYPE = YES_ERROR;
				GCC_WARN_UNDECLARED_SELECTOR = YES;
				GCC_WARN_UNINITIALIZED_AUTOS = YES_AGGRESSIVE;
				GCC_WARN_UNUSED_FUNCTION = YES;
				GCC_WARN_UNUSED_VARIABLE = YES;
				IPHONEOS_DEPLOYMENT_TARGET = 14.2;
				MTL_ENABLE_DEBUG_INFO = NO;
				MTL_FAST_MATH = YES;
				SDKROOT = iphoneos;
				SWIFT_COMPILATION_MODE = wholemodule;
				SWIFT_OPTIMIZATION_LEVEL = "-O";
				VALIDATE_PRODUCT = YES;
			};
			name = Release;
		};
		48838E9A2582191400F40048 /* Debug */ = {
			isa = XCBuildConfiguration;
			buildSettings = {
				ASSETCATALOG_COMPILER_APPICON_NAME = AppIcon;
				ASSETCATALOG_COMPILER_GLOBAL_ACCENT_COLOR_NAME = AccentColor;
				CODE_SIGN_STYLE = Automatic;
				DEVELOPMENT_TEAM = "";
				INFOPLIST_FILE = Example/Info.plist;
				LD_RUNPATH_SEARCH_PATHS = (
					"$(inherited)",
					"@executable_path/Frameworks",
				);
				PRODUCT_BUNDLE_IDENTIFIER = com.SwiftyEigen.Example;
				PRODUCT_NAME = "$(TARGET_NAME)";
				SWIFT_VERSION = 5.0;
				TARGETED_DEVICE_FAMILY = "1,2";
			};
			name = Debug;
		};
		48838E9B2582191400F40048 /* Release */ = {
			isa = XCBuildConfiguration;
			buildSettings = {
				ASSETCATALOG_COMPILER_APPICON_NAME = AppIcon;
				ASSETCATALOG_COMPILER_GLOBAL_ACCENT_COLOR_NAME = AccentColor;
				CODE_SIGN_STYLE = Automatic;
				DEVELOPMENT_TEAM = "";
				INFOPLIST_FILE = Example/Info.plist;
				LD_RUNPATH_SEARCH_PATHS = (
					"$(inherited)",
					"@executable_path/Frameworks",
				);
				PRODUCT_BUNDLE_IDENTIFIER = com.SwiftyEigen.Example;
				PRODUCT_NAME = "$(TARGET_NAME)";
				SWIFT_VERSION = 5.0;
				TARGETED_DEVICE_FAMILY = "1,2";
			};
			name = Release;
		};
/* End XCBuildConfiguration section */

/* Begin XCConfigurationList section */
		48838E802582191300F40048 /* Build configuration list for PBXProject "Example" */ = {
			isa = XCConfigurationList;
			buildConfigurations = (
				48838E972582191400F40048 /* Debug */,
				48838E982582191400F40048 /* Release */,
			);
			defaultConfigurationIsVisible = 0;
			defaultConfigurationName = Release;
		};
		48838E992582191400F40048 /* Build configuration list for PBXNativeTarget "Example" */ = {
			isa = XCConfigurationList;
			buildConfigurations = (
				48838E9A2582191400F40048 /* Debug */,
				48838E9B2582191400F40048 /* Release */,
			);
			defaultConfigurationIsVisible = 0;
			defaultConfigurationName = Release;
		};
/* End XCConfigurationList section */

/* Begin XCSwiftPackageProductDependency section */
		4884A85025821F4E00D374A2 /* SwiftyEigen */ = {
			isa = XCSwiftPackageProductDependency;
			productName = SwiftyEigen;
		};
/* End XCSwiftPackageProductDependency section */
	};
	rootObject = 48838E7D2582191300F40048 /* Project object */;
}
